// !$*UTF8*$!
{
	archiveVersion = 1;
	classes = {
	};
	objectVersion = 50;
	objects = {

/* Begin PBXBuildFile section */
		7ADD8F912539EEB9006D6CAE /* AppDelegate.swift in Sources */ = {isa = PBXBuildFile; fileRef = 7ADD8F902539EEB9006D6CAE /* AppDelegate.swift */; };
		7ADD8F932539EEB9006D6CAE /* SceneDelegate.swift in Sources */ = {isa = PBXBuildFile; fileRef = 7ADD8F922539EEB9006D6CAE /* SceneDelegate.swift */; };
		7ADD8F982539EEB9006D6CAE /* Main.storyboard in Resources */ = {isa = PBXBuildFile; fileRef = 7ADD8F962539EEB9006D6CAE /* Main.storyboard */; };
		7ADD8F9A2539EEC0006D6CAE /* Assets.xcassets in Resources */ = {isa = PBXBuildFile; fileRef = 7ADD8F992539EEC0006D6CAE /* Assets.xcassets */; };
		7ADD8F9D2539EEC0006D6CAE /* LaunchScreen.storyboard in Resources */ = {isa = PBXBuildFile; fileRef = 7ADD8F9B2539EEC0006D6CAE /* LaunchScreen.storyboard */; };
		7ADD8FA62539F025006D6CAE /* PairsTableViewController.swift in Sources */ = {isa = PBXBuildFile; fileRef = 7ADD8FA52539F025006D6CAE /* PairsTableViewController.swift */; };
		7ADD8FA82539F05C006D6CAE /* Person.swift in Sources */ = {isa = PBXBuildFile; fileRef = 7ADD8FA72539F05C006D6CAE /* Person.swift */; };
		7ADD8FAA2539F07F006D6CAE /* PersonController.swift in Sources */ = {isa = PBXBuildFile; fileRef = 7ADD8FA92539F07F006D6CAE /* PersonController.swift */; };
/* End PBXBuildFile section */

/* Begin PBXFileReference section */
		7ADD8F8D2539EEB9006D6CAE /* KobayashiMaru.app */ = {isa = PBXFileReference; explicitFileType = wrapper.application; includeInIndex = 0; path = KobayashiMaru.app; sourceTree = BUILT_PRODUCTS_DIR; };
		7ADD8F902539EEB9006D6CAE /* AppDelegate.swift */ = {isa = PBXFileReference; lastKnownFileType = sourcecode.swift; path = AppDelegate.swift; sourceTree = "<group>"; };
		7ADD8F922539EEB9006D6CAE /* SceneDelegate.swift */ = {isa = PBXFileReference; lastKnownFileType = sourcecode.swift; path = SceneDelegate.swift; sourceTree = "<group>"; };
		7ADD8F972539EEB9006D6CAE /* Base */ = {isa = PBXFileReference; lastKnownFileType = file.storyboard; name = Base; path = Base.lproj/Main.storyboard; sourceTree = "<group>"; };
		7ADD8F992539EEC0006D6CAE /* Assets.xcassets */ = {isa = PBXFileReference; lastKnownFileType = folder.assetcatalog; path = Assets.xcassets; sourceTree = "<group>"; };
		7ADD8F9C2539EEC0006D6CAE /* Base */ = {isa = PBXFileReference; lastKnownFileType = file.storyboard; name = Base; path = Base.lproj/LaunchScreen.storyboard; sourceTree = "<group>"; };
		7ADD8F9E2539EEC0006D6CAE /* Info.plist */ = {isa = PBXFileReference; lastKnownFileType = text.plist.xml; path = Info.plist; sourceTree = "<group>"; };
		7ADD8FA52539F025006D6CAE /* PairsTableViewController.swift */ = {isa = PBXFileReference; lastKnownFileType = sourcecode.swift; path = PairsTableViewController.swift; sourceTree = "<group>"; };
		7ADD8FA72539F05C006D6CAE /* Person.swift */ = {isa = PBXFileReference; lastKnownFileType = sourcecode.swift; path = Person.swift; sourceTree = "<group>"; };
		7ADD8FA92539F07F006D6CAE /* PersonController.swift */ = {isa = PBXFileReference; lastKnownFileType = sourcecode.swift; path = PersonController.swift; sourceTree = "<group>"; };
/* End PBXFileReference section */

/* Begin PBXFrameworksBuildPhase section */
		7ADD8F8A2539EEB9006D6CAE /* Frameworks */ = {
			isa = PBXFrameworksBuildPhase;
			buildActionMask = 2147483647;
			files = (
			);
			runOnlyForDeploymentPostprocessing = 0;
		};
/* End PBXFrameworksBuildPhase section */

/* Begin PBXGroup section */
		7ADD8F842539EEB9006D6CAE = {
			isa = PBXGroup;
			children = (
				7ADD8F8F2539EEB9006D6CAE /* KobayashiMaru */,
				7ADD8F8E2539EEB9006D6CAE /* Products */,
			);
			sourceTree = "<group>";
		};
		7ADD8F8E2539EEB9006D6CAE /* Products */ = {
			isa = PBXGroup;
			children = (
				7ADD8F8D2539EEB9006D6CAE /* KobayashiMaru.app */,
			);
			name = Products;
			sourceTree = "<group>";
		};
		7ADD8F8F2539EEB9006D6CAE /* KobayashiMaru */ = {
			isa = PBXGroup;
			children = (
				7AF20D58253A01870029D595 /* Models */,
				7AF20D54253A015D0029D595 /* Controllers */,
				7ADD8F962539EEB9006D6CAE /* Main.storyboard */,
				7ADD8FA42539EEDC006D6CAE /* Resources */,
			);
			path = KobayashiMaru;
			sourceTree = "<group>";
		};
		7ADD8FA42539EEDC006D6CAE /* Resources */ = {
			isa = PBXGroup;
			children = (
				7ADD8F902539EEB9006D6CAE /* AppDelegate.swift */,
				7ADD8F922539EEB9006D6CAE /* SceneDelegate.swift */,
				7ADD8F992539EEC0006D6CAE /* Assets.xcassets */,
				7ADD8F9B2539EEC0006D6CAE /* LaunchScreen.storyboard */,
				7ADD8F9E2539EEC0006D6CAE /* Info.plist */,
			);
			path = Resources;
			sourceTree = "<group>";
		};
		7AF20D54253A015D0029D595 /* Controllers */ = {
			isa = PBXGroup;
			children = (
				7AF20D56253A01750029D595 /* View Controllers */,
				7AF20D55253A016C0029D595 /* Model Controllers */,
			);
			path = Controllers;
			sourceTree = "<group>";
		};
		7AF20D55253A016C0029D595 /* Model Controllers */ = {
			isa = PBXGroup;
			children = (
				7ADD8FA92539F07F006D6CAE /* PersonController.swift */,
			);
			path = "Model Controllers";
			sourceTree = "<group>";
		};
		7AF20D56253A01750029D595 /* View Controllers */ = {
			isa = PBXGroup;
			children = (
				7ADD8FA52539F025006D6CAE /* PairsTableViewController.swift */,
			);
			path = "View Controllers";
			sourceTree = "<group>";
		};
		7AF20D58253A01870029D595 /* Models */ = {
			isa = PBXGroup;
			children = (
				7ADD8FA72539F05C006D6CAE /* Person.swift */,
			);
			path = Models;
			sourceTree = "<group>";
		};
/* End PBXGroup section */

/* Begin PBXNativeTarget section */
		7ADD8F8C2539EEB9006D6CAE /* KobayashiMaru */ = {
			isa = PBXNativeTarget;
			buildConfigurationList = 7ADD8FA12539EEC0006D6CAE /* Build configuration list for PBXNativeTarget "KobayashiMaru" */;
			buildPhases = (
				7ADD8F892539EEB9006D6CAE /* Sources */,
				7ADD8F8A2539EEB9006D6CAE /* Frameworks */,
				7ADD8F8B2539EEB9006D6CAE /* Resources */,
			);
			buildRules = (
			);
			dependencies = (
			);
			name = KobayashiMaru;
			productName = KobayashiMaru;
			productReference = 7ADD8F8D2539EEB9006D6CAE /* KobayashiMaru.app */;
			productType = "com.apple.product-type.application";
		};
/* End PBXNativeTarget section */

/* Begin PBXProject section */
		7ADD8F852539EEB9006D6CAE /* Project object */ = {
			isa = PBXProject;
			attributes = {
				LastSwiftUpdateCheck = 1170;
				LastUpgradeCheck = 1170;
				ORGANIZATIONNAME = "Jordan Bryant";
				TargetAttributes = {
					7ADD8F8C2539EEB9006D6CAE = {
						CreatedOnToolsVersion = 11.7;
					};
				};
			};
			buildConfigurationList = 7ADD8F882539EEB9006D6CAE /* Build configuration list for PBXProject "KobayashiMaru" */;
			compatibilityVersion = "Xcode 9.3";
			developmentRegion = en;
			hasScannedForEncodings = 0;
			knownRegions = (
				en,
				Base,
			);
			mainGroup = 7ADD8F842539EEB9006D6CAE;
			productRefGroup = 7ADD8F8E2539EEB9006D6CAE /* Products */;
			projectDirPath = "";
			projectRoot = "";
			targets = (
				7ADD8F8C2539EEB9006D6CAE /* KobayashiMaru */,
			);
		};
/* End PBXProject section */

/* Begin PBXResourcesBuildPhase section */
		7ADD8F8B2539EEB9006D6CAE /* Resources */ = {
			isa = PBXResourcesBuildPhase;
			buildActionMask = 2147483647;
			files = (
				7ADD8F9D2539EEC0006D6CAE /* LaunchScreen.storyboard in Resources */,
				7ADD8F9A2539EEC0006D6CAE /* Assets.xcassets in Resources */,
				7ADD8F982539EEB9006D6CAE /* Main.storyboard in Resources */,
			);
			runOnlyForDeploymentPostprocessing = 0;
		};
/* End PBXResourcesBuildPhase section */

/* Begin PBXSourcesBuildPhase section */
		7ADD8F892539EEB9006D6CAE /* Sources */ = {
			isa = PBXSourcesBuildPhase;
			buildActionMask = 2147483647;
			files = (
				7ADD8FA62539F025006D6CAE /* PairsTableViewController.swift in Sources */,
				7ADD8F912539EEB9006D6CAE /* AppDelegate.swift in Sources */,
				7ADD8FA82539F05C006D6CAE /* Person.swift in Sources */,
				7ADD8FAA2539F07F006D6CAE /* PersonController.swift in Sources */,
				7ADD8F932539EEB9006D6CAE /* SceneDelegate.swift in Sources */,
			);
			runOnlyForDeploymentPostprocessing = 0;
		};
/* End PBXSourcesBuildPhase section */

/* Begin PBXVariantGroup section */
		7ADD8F962539EEB9006D6CAE /* Main.storyboard */ = {
			isa = PBXVariantGroup;
			children = (
				7ADD8F972539EEB9006D6CAE /* Base */,
			);
			name = Main.storyboard;
			sourceTree = "<group>";
		};
		7ADD8F9B2539EEC0006D6CAE /* LaunchScreen.storyboard */ = {
			isa = PBXVariantGroup;
			children = (
				7ADD8F9C2539EEC0006D6CAE /* Base */,
			);
			name = LaunchScreen.storyboard;
			sourceTree = "<group>";
		};
/* End PBXVariantGroup section */

/* Begin XCBuildConfiguration section */
		7ADD8F9F2539EEC0006D6CAE /* Debug */ = {
			isa = XCBuildConfiguration;
			buildSettings = {
				ALWAYS_SEARCH_USER_PATHS = NO;
				CLANG_ANALYZER_NONNULL = YES;
				CLANG_ANALYZER_NUMBER_OBJECT_CONVERSION = YES_AGGRESSIVE;
				CLANG_CXX_LANGUAGE_STANDARD = "gnu++14";
				CLANG_CXX_LIBRARY = "libc++";
				CLANG_ENABLE_MODULES = YES;
				CLANG_ENABLE_OBJC_ARC = YES;
				CLANG_ENABLE_OBJC_WEAK = YES;
				CLANG_WARN_BLOCK_CAPTURE_AUTORELEASING = YES;
				CLANG_WARN_BOOL_CONVERSION = YES;
				CLANG_WARN_COMMA = YES;
				CLANG_WARN_CONSTANT_CONVERSION = YES;
				CLANG_WARN_DEPRECATED_OBJC_IMPLEMENTATIONS = YES;
				CLANG_WARN_DIRECT_OBJC_ISA_USAGE = YES_ERROR;
				CLANG_WARN_DOCUMENTATION_COMMENTS = YES;
				CLANG_WARN_EMPTY_BODY = YES;
				CLANG_WARN_ENUM_CONVERSION = YES;
				CLANG_WARN_INFINITE_RECURSION = YES;
				CLANG_WARN_INT_CONVERSION = YES;
				CLANG_WARN_NON_LITERAL_NULL_CONVERSION = YES;
				CLANG_WARN_OBJC_IMPLICIT_RETAIN_SELF = YES;
				CLANG_WARN_OBJC_LITERAL_CONVERSION = YES;
				CLANG_WARN_OBJC_ROOT_CLASS = YES_ERROR;
				CLANG_WARN_RANGE_LOOP_ANALYSIS = YES;
				CLANG_WARN_STRICT_PROTOTYPES = YES;
				CLANG_WARN_SUSPICIOUS_MOVE = YES;
				CLANG_WARN_UNGUARDED_AVAILABILITY = YES_AGGRESSIVE;
				CLANG_WARN_UNREACHABLE_CODE = YES;
				CLANG_WARN__DUPLICATE_METHOD_MATCH = YES;
				COPY_PHASE_STRIP = NO;
				DEBUG_INFORMATION_FORMAT = dwarf;
				ENABLE_STRICT_OBJC_MSGSEND = YES;
				ENABLE_TESTABILITY = YES;
				GCC_C_LANGUAGE_STANDARD = gnu11;
				GCC_DYNAMIC_NO_PIC = NO;
				GCC_NO_COMMON_BLOCKS = YES;
				GCC_OPTIMIZATION_LEVEL = 0;
				GCC_PREPROCESSOR_DEFINITIONS = (
					"DEBUG=1",
					"$(inherited)",
				);
				GCC_WARN_64_TO_32_BIT_CONVERSION = YES;
				GCC_WARN_ABOUT_RETURN_TYPE = YES_ERROR;
				GCC_WARN_UNDECLARED_SELECTOR = YES;
				GCC_WARN_UNINITIALIZED_AUTOS = YES_AGGRESSIVE;
				GCC_WARN_UNUSED_FUNCTION = YES;
				GCC_WARN_UNUSED_VARIABLE = YES;
				IPHONEOS_DEPLOYMENT_TARGET = 13.7;
				MTL_ENABLE_DEBUG_INFO = INCLUDE_SOURCE;
				MTL_FAST_MATH = YES;
				ONLY_ACTIVE_ARCH = YES;
				SDKROOT = iphoneos;
				SWIFT_ACTIVE_COMPILATION_CONDITIONS = DEBUG;
				SWIFT_OPTIMIZATION_LEVEL = "-Onone";
			};
			name = Debug;
		};
		7ADD8FA02539EEC0006D6CAE /* Release */ = {
			isa = XCBuildConfiguration;
			buildSettings = {
				ALWAYS_SEARCH_USER_PATHS = NO;
				CLANG_ANALYZER_NONNULL = YES;
				CLANG_ANALYZER_NUMBER_OBJECT_CONVERSION = YES_AGGRESSIVE;
				CLANG_CXX_LANGUAGE_STANDARD = "gnu++14";
				CLANG_CXX_LIBRARY = "libc++";
				CLANG_ENABLE_MODULES = YES;
				CLANG_ENABLE_OBJC_ARC = YES;
				CLANG_ENABLE_OBJC_WEAK = YES;
				CLANG_WARN_BLOCK_CAPTURE_AUTORELEASING = YES;
				CLANG_WARN_BOOL_CONVERSION = YES;
				CLANG_WARN_COMMA = YES;
				CLANG_WARN_CONSTANT_CONVERSION = YES;
				CLANG_WARN_DEPRECATED_OBJC_IMPLEMENTATIONS = YES;
				CLANG_WARN_DIRECT_OBJC_ISA_USAGE = YES_ERROR;
				CLANG_WARN_DOCUMENTATION_COMMENTS = YES;
				CLANG_WARN_EMPTY_BODY = YES;
				CLANG_WARN_ENUM_CONVERSION = YES;
				CLANG_WARN_INFINITE_RECURSION = YES;
				CLANG_WARN_INT_CONVERSION = YES;
				CLANG_WARN_NON_LITERAL_NULL_CONVERSION = YES;
				CLANG_WARN_OBJC_IMPLICIT_RETAIN_SELF = YES;
				CLANG_WARN_OBJC_LITERAL_CONVERSION = YES;
				CLANG_WARN_OBJC_ROOT_CLASS = YES_ERROR;
				CLANG_WARN_RANGE_LOOP_ANALYSIS = YES;
				CLANG_WARN_STRICT_PROTOTYPES = YES;
				CLANG_WARN_SUSPICIOUS_MOVE = YES;
				CLANG_WARN_UNGUARDED_AVAILABILITY = YES_AGGRESSIVE;
				CLANG_WARN_UNREACHABLE_CODE = YES;
				CLANG_WARN__DUPLICATE_METHOD_MATCH = YES;
				COPY_PHASE_STRIP = NO;
				DEBUG_INFORMATION_FORMAT = "dwarf-with-dsym";
				ENABLE_NS_ASSERTIONS = NO;
				ENABLE_STRICT_OBJC_MSGSEND = YES;
				GCC_C_LANGUAGE_STANDARD = gnu11;
				GCC_NO_COMMON_BLOCKS = YES;
				GCC_WARN_64_TO_32_BIT_CONVERSION = YES;
				GCC_WARN_ABOUT_RETURN_TYPE = YES_ERROR;
				GCC_WARN_UNDECLARED_SELECTOR = YES;
				GCC_WARN_UNINITIALIZED_AUTOS = YES_AGGRESSIVE;
				GCC_WARN_UNUSED_FUNCTION = YES;
				GCC_WARN_UNUSED_VARIABLE = YES;
				IPHONEOS_DEPLOYMENT_TARGET = 13.7;
				MTL_ENABLE_DEBUG_INFO = NO;
				MTL_FAST_MATH = YES;
				SDKROOT = iphoneos;
				SWIFT_COMPILATION_MODE = wholemodule;
				SWIFT_OPTIMIZATION_LEVEL = "-O";
				VALIDATE_PRODUCT = YES;
			};
			name = Release;
		};
		7ADD8FA22539EEC0006D6CAE /* Debug */ = {
			isa = XCBuildConfiguration;
			buildSettings = {
				ASSETCATALOG_COMPILER_APPICON_NAME = AppIcon;
				CODE_SIGN_STYLE = Automatic;
				DEVELOPMENT_TEAM = PPT8LS6UXM;
				INFOPLIST_FILE = KobayashiMaru/Resources/Info.plist;
				LD_RUNPATH_SEARCH_PATHS = (
					"$(inherited)",
					"@executable_path/Frameworks",
				);
				PRODUCT_BUNDLE_IDENTIFIER = jordan.KobayashiMaru;
				PRODUCT_NAME = "$(TARGET_NAME)";
				SWIFT_VERSION = 5.0;
				TARGETED_DEVICE_FAMILY = "1,2";
			};
			name = Debug;
		};
		7ADD8FA32539EEC0006D6CAE /* Release */ = {
			isa = XCBuildConfiguration;
			buildSettings = {
				ASSETCATALOG_COMPILER_APPICON_NAME = AppIcon;
				CODE_SIGN_STYLE = Automatic;
				DEVELOPMENT_TEAM = PPT8LS6UXM;
				INFOPLIST_FILE = KobayashiMaru/Resources/Info.plist;
				LD_RUNPATH_SEARCH_PATHS = (
					"$(inherited)",
					"@executable_path/Frameworks",
				);
				PRODUCT_BUNDLE_IDENTIFIER = jordan.KobayashiMaru;
				PRODUCT_NAME = "$(TARGET_NAME)";
				SWIFT_VERSION = 5.0;
				TARGETED_DEVICE_FAMILY = "1,2";
			};
			name = Release;
		};
/* End XCBuildConfiguration section */

/* Begin XCConfigurationList section */
		7ADD8F882539EEB9006D6CAE /* Build configuration list for PBXProject "KobayashiMaru" */ = {
			isa = XCConfigurationList;
			buildConfigurations = (
				7ADD8F9F2539EEC0006D6CAE /* Debug */,
				7ADD8FA02539EEC0006D6CAE /* Release */,
			);
			defaultConfigurationIsVisible = 0;
			defaultConfigurationName = Release;
		};
		7ADD8FA12539EEC0006D6CAE /* Build configuration list for PBXNativeTarget "KobayashiMaru" */ = {
			isa = XCConfigurationList;
			buildConfigurations = (
				7ADD8FA22539EEC0006D6CAE /* Debug */,
				7ADD8FA32539EEC0006D6CAE /* Release */,
			);
			defaultConfigurationIsVisible = 0;
			defaultConfigurationName = Release;
		};
/* End XCConfigurationList section */
	};
	rootObject = 7ADD8F852539EEB9006D6CAE /* Project object */;
}
